
Microsoft Visual Studio Solution File, Format Version 12.00
# Visual Studio Version 16
VisualStudioVersion = 16.0.31129.286
MinimumVisualStudioVersion = 10.0.40219.1
Project("{9A19103F-16F7-4668-BE54-9A1E7A4F7556}") = "PicatBlazorMonaco", "PicatBlazorMonaco\PicatBlazorMonaco.csproj", "{60E52C54-FAFC-4EE1-AB5B-4C2292F9E02F}"
EndProject
Project("{9A19103F-16F7-4668-BE54-9A1E7A4F7556}") = "Tests", "Tests\Tests.csproj", "{D9B1E68E-D413-43E1-90C4-549544B62656}"
EndProject
Project("{9A19103F-16F7-4668-BE54-9A1E7A4F7556}") = "WebApiCompiler", "WebApiCompiler\WebApiCompiler.csproj", "{48ED570F-4BFD-4126-A7FB-ED4687C4F3CF}"
EndProject
Global
	GlobalSection(SolutionConfigurationPlatforms) = preSolution
		Debug|Any CPU = Debug|Any CPU
		Release|Any CPU = Release|Any CPU
	EndGlobalSection
	GlobalSection(ProjectConfigurationPlatforms) = postSolution
		{60E52C54-FAFC-4EE1-AB5B-4C2292F9E02F}.Debug|Any CPU.ActiveCfg = Debug|Any CPU
		{60E52C54-FAFC-4EE1-AB5B-4C2292F9E02F}.Debug|Any CPU.Build.0 = Debug|Any CPU
		{60E52C54-FAFC-4EE1-AB5B-4C2292F9E02F}.Release|Any CPU.ActiveCfg = Release|Any CPU
		{60E52C54-FAFC-4EE1-AB5B-4C2292F9E02F}.Release|Any CPU.Build.0 = Release|Any CPU
		{D9B1E68E-D413-43E1-90C4-549544B62656}.Debug|Any CPU.ActiveCfg = Debug|Any CPU
		{D9B1E68E-D413-43E1-90C4-549544B62656}.Debug|Any CPU.Build.0 = Debug|Any CPU
		{D9B1E68E-D413-43E1-90C4-549544B62656}.Release|Any CPU.ActiveCfg = Release|Any CPU
		{D9B1E68E-D413-43E1-90C4-549544B62656}.Release|Any CPU.Build.0 = Release|Any CPU
		{48ED570F-4BFD-4126-A7FB-ED4687C4F3CF}.Debug|Any CPU.ActiveCfg = Debug|Any CPU
		{48ED570F-4BFD-4126-A7FB-ED4687C4F3CF}.Debug|Any CPU.Build.0 = Debug|Any CPU
		{48ED570F-4BFD-4126-A7FB-ED4687C4F3CF}.Release|Any CPU.ActiveCfg = Release|Any CPU
		{48ED570F-4BFD-4126-A7FB-ED4687C4F3CF}.Release|Any CPU.Build.0 = Release|Any CPU
	EndGlobalSection
	GlobalSection(SolutionProperties) = preSolution
		HideSolutionNode = FALSE
	EndGlobalSection
	GlobalSection(ExtensibilityGlobals) = postSolution
		SolutionGuid = {E09B65D8-961D-4395-9DC0-909CDFBAFFBE}
	EndGlobalSection
EndGlobal
